Microsoft Visual Studio Solution File, Format Version 12.00
# Visual Studio Version 17
VisualStudioVersion = 17.5.2.0
MinimumVisualStudioVersion = 10.0.40219.1
Project("{FAE04EC0-301F-11D3-BF4B-00C04F79EFBC}") = "Wanderverse", "Wanderverse.csproj", "{43FC9F1C-120F-23C8-6D89-B950722678AD}"
EndProject
Global
	GlobalSection(SolutionConfigurationPlatforms) = preSolution
		Debug|Any CPU = Debug|Any CPU
		Release|Any CPU = Release|Any CPU
	EndGlobalSection
	GlobalSection(ProjectConfigurationPlatforms) = postSolution
		{43FC9F1C-120F-23C8-6D89-B950722678AD}.Debug|Any CPU.ActiveCfg = Debug|Any CPU
		{43FC9F1C-120F-23C8-6D89-B950722678AD}.Debug|Any CPU.Build.0 = Debug|Any CPU
		{43FC9F1C-120F-23C8-6D89-B950722678AD}.Release|Any CPU.ActiveCfg = Release|Any CPU
		{43FC9F1C-120F-23C8-6D89-B950722678AD}.Release|Any CPU.Build.0 = Release|Any CPU
	EndGlobalSection
	GlobalSection(SolutionProperties) = preSolution
		HideSolutionNode = FALSE
	EndGlobalSection
	GlobalSection(ExtensibilityGlobals) = postSolution
		SolutionGuid = {02EE3D5E-CBCE-4DFB-8BCE-FDB5AD0A3263}
	EndGlobalSection
EndGlobal
